dependencies:
  idf:
    source:
      type: idf
    version: 5.3.1
  micro-ros/micro_ros_espidf_component:
    component_hash: 4ac5e5d7ab8055337d087a82157c5153be356434ad9450ccc18f70eb3d33b033
    dependencies:
    - name: espressif/esp_hosted
      registry_url: https://components.espressif.com
      require: private
      rules:
      - if: target in [esp32p4]
      version: ~2
    - name: espressif/esp_wifi_remote
      registry_url: https://components.espressif.com
      require: private
      rules:
      - if: target in [esp32p4]
      version: '>=0.10,<2.0'
    - name: idf
      require: private
      version: '>=5.2'
    source:
      registry_url: https://components.espressif.com/
      type: service
    targets:
    - esp32
    - esp32s2
    - esp32s3
    - esp32c3
    - esp32c6
    - esp32p4
    version: 22.0.0
direct_dependencies:
- idf
- micro-ros/micro_ros_espidf_component
manifest_hash: 9498aac2c2f95db53049ea9224941f2c56d4389707d00ff250ffb1489c519adb
target: esp32s3
version: 2.0.0
